
Microsoft Visual Studio Solution File, Format Version 12.00
# Visual Studio Version 16
VisualStudioVersion = 16.0.29613.14
MinimumVisualStudioVersion = 10.0.40219.1
Project("{FAE04EC0-301F-11D3-BF4B-00C04F79EFBC}") = "SeleniumTestProject", "SeleniumTestProject\SeleniumTestProject.csproj", "{46763EDB-C78E-4339-A4A6-D91EDBE14254}"
EndProject
Global
	GlobalSection(SolutionConfigurationPlatforms) = preSolution
		Debug|Any CPU = Debug|Any CPU
		Release|Any CPU = Release|Any CPU
	EndGlobalSection
	GlobalSection(ProjectConfigurationPlatforms) = postSolution
		{46763EDB-C78E-4339-A4A6-D91EDBE14254}.Debug|Any CPU.ActiveCfg = Debug|Any CPU
		{46763EDB-C78E-4339-A4A6-D91EDBE14254}.Debug|Any CPU.Build.0 = Debug|Any CPU
		{46763EDB-C78E-4339-A4A6-D91EDBE14254}.Release|Any CPU.ActiveCfg = Release|Any CPU
		{46763EDB-C78E-4339-A4A6-D91EDBE14254}.Release|Any CPU.Build.0 = Release|Any CPU
	EndGlobalSection
	GlobalSection(SolutionProperties) = preSolution
		HideSolutionNode = FALSE
	EndGlobalSection
	GlobalSection(ExtensibilityGlobals) = postSolution
		SolutionGuid = {19FEBDCE-FD60-443B-9C9F-8474AC2F9E4C}
	EndGlobalSection
EndGlobal
